
Microsoft Visual Studio Solution File, Format Version 12.00
# Visual Studio Version 18
VisualStudioVersion = 18.0.0.0
MinimumVisualStudioVersion = 10.0.40219.1
Project("{FAE04EC0-301F-11D3-BF4B-00C04F79EFBC}") = "CtrlAgent.Core", "src\CtrlAgent.Core\CtrlAgent.Core.csproj", "{A53F6A9B-F53C-4B82-B834-6586C01C03E5}"
EndProject
Project("{FAE04EC0-301F-11D3-BF4B-00C04F79EFBC}") = "CtrlAgent.Demo", "src\CtrlAgent.Demo\CtrlAgent.Demo.csproj", "{FEF4BCAA-B379-48F2-8A62-18B8F6529056}"
EndProject
Project("{FAE04EC0-301F-11D3-BF4B-00C04F79EFBC}") = "CtrlAgent.Platform.Windows", "src\CtrlAgent.Platform.Windows\CtrlAgent.Platform.Windows.csproj", "{F1E03C8F-0D3C-43C5-99A0-E39F718B7332}"
EndProject
Project("{FAE04EC0-301F-11D3-BF4B-00C04F79EFBC}") = "CtrlAgent.Adapters.Mock", "src\CtrlAgent.Adapters.Mock\CtrlAgent.Adapters.Mock.csproj", "{B21B4569-FD23-459D-B39B-1AA4CAEE4491}"
EndProject
Project("{FAE04EC0-301F-11D3-BF4B-00C04F79EFBC}") = "CtrlAgent.Adapters.Codex", "src\CtrlAgent.Adapters.Codex\CtrlAgent.Adapters.Codex.csproj", "{C3A29ABC-D3FA-4E43-9797-1F040BC74047}"
EndProject
Project("{FAE04EC0-301F-11D3-BF4B-00C04F79EFBC}") = "CtrlAgent.App", "src\CtrlAgent.App\CtrlAgent.App.csproj", "{D4AF6F69-C8A3-472B-B83E-E3B368126F85}"
EndProject
Project("{FAE04EC0-301F-11D3-BF4B-00C04F79EFBC}") = "CtrlAgent.Tests", "tests\CtrlAgent.Tests\CtrlAgent.Tests.csproj", "{E5A7581A-30E3-4272-8E56-BE550C03A645}"
EndProject
Project("{2150E333-8FDC-42A3-9474-1A3956D46DE8}") = "src", "src", "{827E0CD3-B72D-47B6-A68D-7590B98EB39B}"
EndProject
Project("{FAE04EC0-301F-11D3-BF4B-00C04F79EFBC}") = "CtrlAgent.Gui", "src\CtrlAgent.Gui\CtrlAgent.Gui.csproj", "{1DA8A3CA-B805-4275-9C6F-A948D387BAF5}"
EndProject
Project("{FAE04EC0-301F-11D3-BF4B-00C04F79EFBC}") = "CtrlAgent.Adapters.ClaudeCode", "src\CtrlAgent.Adapters.ClaudeCode\CtrlAgent.Adapters.ClaudeCode.csproj", "{DA421314-53C7-44A0-A34C-7090A0FC13D9}"
EndProject
Project("{FAE04EC0-301F-11D3-BF4B-00C04F79EFBC}") = "CtrlAgent.Hosting", "src\CtrlAgent.Hosting\CtrlAgent.Hosting.csproj", "{EEFCAD59-A37B-4CD3-BA39-5662D5A722E9}"
EndProject
Global
	GlobalSection(SolutionConfigurationPlatforms) = preSolution
		Debug|Any CPU = Debug|Any CPU
		Debug|x64 = Debug|x64
		Debug|x86 = Debug|x86
		Release|Any CPU = Release|Any CPU
		Release|x64 = Release|x64
		Release|x86 = Release|x86
	EndGlobalSection
	GlobalSection(ProjectConfigurationPlatforms) = postSolution
		{A53F6A9B-F53C-4B82-B834-6586C01C03E5}.Debug|Any CPU.ActiveCfg = Debug|Any CPU
		{A53F6A9B-F53C-4B82-B834-6586C01C03E5}.Debug|Any CPU.Build.0 = Debug|Any CPU
		{A53F6A9B-F53C-4B82-B834-6586C01C03E5}.Debug|x64.ActiveCfg = Debug|Any CPU
		{A53F6A9B-F53C-4B82-B834-6586C01C03E5}.Debug|x64.Build.0 = Debug|Any CPU
		{A53F6A9B-F53C-4B82-B834-6586C01C03E5}.Debug|x86.ActiveCfg = Debug|Any CPU
		{A53F6A9B-F53C-4B82-B834-6586C01C03E5}.Debug|x86.Build.0 = Debug|Any CPU
		{A53F6A9B-F53C-4B82-B834-6586C01C03E5}.Release|Any CPU.ActiveCfg = Release|Any CPU
		{A53F6A9B-F53C-4B82-B834-6586C01C03E5}.Release|Any CPU.Build.0 = Release|Any CPU
		{A53F6A9B-F53C-4B82-B834-6586C01C03E5}.Release|x64.ActiveCfg = Release|Any CPU
		{A53F6A9B-F53C-4B82-B834-6586C01C03E5}.Release|x64.Build.0 = Release|Any CPU
		{A53F6A9B-F53C-4B82-B834-6586C01C03E5}.Release|x86.ActiveCfg = Release|Any CPU
		{A53F6A9B-F53C-4B82-B834-6586C01C03E5}.Release|x86.Build.0 = Release|Any CPU
		{FEF4BCAA-B379-48F2-8A62-18B8F6529056}.Debug|Any CPU.ActiveCfg = Debug|Any CPU
		{FEF4BCAA-B379-48F2-8A62-18B8F6529056}.Debug|Any CPU.Build.0 = Debug|Any CPU
		{FEF4BCAA-B379-48F2-8A62-18B8F6529056}.Debug|x64.ActiveCfg = Debug|Any CPU
		{FEF4BCAA-B379-48F2-8A62-18B8F6529056}.Debug|x64.Build.0 = Debug|Any CPU
		{FEF4BCAA-B379-48F2-8A62-18B8F6529056}.Debug|x86.ActiveCfg = Debug|Any CPU
		{FEF4BCAA-B379-48F2-8A62-18B8F6529056}.Debug|x86.Build.0 = Debug|Any CPU
		{FEF4BCAA-B379-48F2-8A62-18B8F6529056}.Release|Any CPU.ActiveCfg = Release|Any CPU
		{FEF4BCAA-B379-48F2-8A62-18B8F6529056}.Release|Any CPU.Build.0 = Release|Any CPU
		{FEF4BCAA-B379-48F2-8A62-18B8F6529056}.Release|x64.ActiveCfg = Release|Any CPU
		{FEF4BCAA-B379-48F2-8A62-18B8F6529056}.Release|x64.Build.0 = Release|Any CPU
		{FEF4BCAA-B379-48F2-8A62-18B8F6529056}.Release|x86.ActiveCfg = Release|Any CPU
		{FEF4BCAA-B379-48F2-8A62-18B8F6529056}.Release|x86.Build.0 = Release|Any CPU
		{F1E03C8F-0D3C-43C5-99A0-E39F718B7332}.Debug|Any CPU.ActiveCfg = Debug|Any CPU
		{F1E03C8F-0D3C-43C5-99A0-E39F718B7332}.Debug|Any CPU.Build.0 = Debug|Any CPU
		{F1E03C8F-0D3C-43C5-99A0-E39F718B7332}.Debug|x64.ActiveCfg = Debug|Any CPU
		{F1E03C8F-0D3C-43C5-99A0-E39F718B7332}.Debug|x64.Build.0 = Debug|Any CPU
		{F1E03C8F-0D3C-43C5-99A0-E39F718B7332}.Debug|x86.ActiveCfg = Debug|Any CPU
		{F1E03C8F-0D3C-43C5-99A0-E39F718B7332}.Debug|x86.Build.0 = Debug|Any CPU
		{F1E03C8F-0D3C-43C5-99A0-E39F718B7332}.Release|Any CPU.ActiveCfg = Release|Any CPU
		{F1E03C8F-0D3C-43C5-99A0-E39F718B7332}.Release|Any CPU.Build.0 = Release|Any CPU
		{F1E03C8F-0D3C-43C5-99A0-E39F718B7332}.Release|x64.ActiveCfg = Release|Any CPU
		{F1E03C8F-0D3C-43C5-99A0-E39F718B7332}.Release|x64.Build.0 = Release|Any CPU
		{F1E03C8F-0D3C-43C5-99A0-E39F718B7332}.Release|x86.ActiveCfg = Release|Any CPU
		{F1E03C8F-0D3C-43C5-99A0-E39F718B7332}.Release|x86.Build.0 = Release|Any CPU
		{B21B4569-FD23-459D-B39B-1AA4CAEE4491}.Debug|Any CPU.ActiveCfg = Debug|Any CPU
		{B21B4569-FD23-459D-B39B-1AA4CAEE4491}.Debug|Any CPU.Build.0 = Debug|Any CPU
		{B21B4569-FD23-459D-B39B-1AA4CAEE4491}.Debug|x64.ActiveCfg = Debug|Any CPU
		{B21B4569-FD23-459D-B39B-1AA4CAEE4491}.Debug|x64.Build.0 = Debug|Any CPU
		{B21B4569-FD23-459D-B39B-1AA4CAEE4491}.Debug|x86.ActiveCfg = Debug|Any CPU
		{B21B4569-FD23-459D-B39B-1AA4CAEE4491}.Debug|x86.Build.0 = Debug|Any CPU
		{B21B4569-FD23-459D-B39B-1AA4CAEE4491}.Release|Any CPU.ActiveCfg = Release|Any CPU
		{B21B4569-FD23-459D-B39B-1AA4CAEE4491}.Release|Any CPU.Build.0 = Release|Any CPU
		{B21B4569-FD23-459D-B39B-1AA4CAEE4491}.Release|x64.ActiveCfg = Release|Any CPU
		{B21B4569-FD23-459D-B39B-1AA4CAEE4491}.Release|x64.Build.0 = Release|Any CPU
		{B21B4569-FD23-459D-B39B-1AA4CAEE4491}.Release|x86.ActiveCfg = Release|Any CPU
		{B21B4569-FD23-459D-B39B-1AA4CAEE4491}.Release|x86.Build.0 = Release|Any CPU
		{C3A29ABC-D3FA-4E43-9797-1F040BC74047}.Debug|Any CPU.ActiveCfg = Debug|Any CPU
		{C3A29ABC-D3FA-4E43-9797-1F040BC74047}.Debug|Any CPU.Build.0 = Debug|Any CPU
		{C3A29ABC-D3FA-4E43-9797-1F040BC74047}.Debug|x64.ActiveCfg = Debug|Any CPU
		{C3A29ABC-D3FA-4E43-9797-1F040BC74047}.Debug|x64.Build.0 = Debug|Any CPU
		{C3A29ABC-D3FA-4E43-9797-1F040BC74047}.Debug|x86.ActiveCfg = Debug|Any CPU
		{C3A29ABC-D3FA-4E43-9797-1F040BC74047}.Debug|x86.Build.0 = Debug|Any CPU
		{C3A29ABC-D3FA-4E43-9797-1F040BC74047}.Release|Any CPU.ActiveCfg = Release|Any CPU
		{C3A29ABC-D3FA-4E43-9797-1F040BC74047}.Release|Any CPU.Build.0 = Release|Any CPU
		{C3A29ABC-D3FA-4E43-9797-1F040BC74047}.Release|x64.ActiveCfg = Release|Any CPU
		{C3A29ABC-D3FA-4E43-9797-1F040BC74047}.Release|x64.Build.0 = Release|Any CPU
		{C3A29ABC-D3FA-4E43-9797-1F040BC74047}.Release|x86.ActiveCfg = Release|Any CPU
		{C3A29ABC-D3FA-4E43-9797-1F040BC74047}.Release|x86.Build.0 = Release|Any CPU
		{D4AF6F69-C8A3-472B-B83E-E3B368126F85}.Debug|Any CPU.ActiveCfg = Debug|Any CPU
		{D4AF6F69-C8A3-472B-B83E-E3B368126F85}.Debug|Any CPU.Build.0 = Debug|Any CPU
		{D4AF6F69-C8A3-472B-B83E-E3B368126F85}.Debug|x64.ActiveCfg = Debug|Any CPU
		{D4AF6F69-C8A3-472B-B83E-E3B368126F85}.Debug|x64.Build.0 = Debug|Any CPU
		{D4AF6F69-C8A3-472B-B83E-E3B368126F85}.Debug|x86.ActiveCfg = Debug|Any CPU
		{D4AF6F69-C8A3-472B-B83E-E3B368126F85}.Debug|x86.Build.0 = Debug|Any CPU
		{D4AF6F69-C8A3-472B-B83E-E3B368126F85}.Release|Any CPU.ActiveCfg = Release|Any CPU
		{D4AF6F69-C8A3-472B-B83E-E3B368126F85}.Release|Any CPU.Build.0 = Release|Any CPU
		{D4AF6F69-C8A3-472B-B83E-E3B368126F85}.Release|x64.ActiveCfg = Release|Any CPU
		{D4AF6F69-C8A3-472B-B83E-E3B368126F85}.Release|x64.Build.0 = Release|Any CPU
		{D4AF6F69-C8A3-472B-B83E-E3B368126F85}.Release|x86.ActiveCfg = Release|Any CPU
		{D4AF6F69-C8A3-472B-B83E-E3B368126F85}.Release|x86.Build.0 = Release|Any CPU
		{E5A7581A-30E3-4272-8E56-BE550C03A645}.Debug|Any CPU.ActiveCfg = Debug|Any CPU
		{E5A7581A-30E3-4272-8E56-BE550C03A645}.Debug|Any CPU.Build.0 = Debug|Any CPU
		{E5A7581A-30E3-4272-8E56-BE550C03A645}.Debug|x64.ActiveCfg = Debug|Any CPU
		{E5A7581A-30E3-4272-8E56-BE550C03A645}.Debug|x64.Build.0 = Debug|Any CPU
		{E5A7581A-30E3-4272-8E56-BE550C03A645}.Debug|x86.ActiveCfg = Debug|Any CPU
		{E5A7581A-30E3-4272-8E56-BE550C03A645}.Debug|x86.Build.0 = Debug|Any CPU
		{E5A7581A-30E3-4272-8E56-BE550C03A645}.Release|Any CPU.ActiveCfg = Release|Any CPU
		{E5A7581A-30E3-4272-8E56-BE550C03A645}.Release|Any CPU.Build.0 = Release|Any CPU
		{E5A7581A-30E3-4272-8E56-BE550C03A645}.Release|x64.ActiveCfg = Release|Any CPU
		{E5A7581A-30E3-4272-8E56-BE550C03A645}.Release|x64.Build.0 = Release|Any CPU
		{E5A7581A-30E3-4272-8E56-BE550C03A645}.Release|x86.ActiveCfg = Release|Any CPU
		{E5A7581A-30E3-4272-8E56-BE550C03A645}.Release|x86.Build.0 = Release|Any CPU
		{1DA8A3CA-B805-4275-9C6F-A948D387BAF5}.Debug|Any CPU.ActiveCfg = Debug|Any CPU
		{1DA8A3CA-B805-4275-9C6F-A948D387BAF5}.Debug|Any CPU.Build.0 = Debug|Any CPU
		{1DA8A3CA-B805-4275-9C6F-A948D387BAF5}.Debug|x64.ActiveCfg = Debug|Any CPU
		{1DA8A3CA-B805-4275-9C6F-A948D387BAF5}.Debug|x64.Build.0 = Debug|Any CPU
		{1DA8A3CA-B805-4275-9C6F-A948D387BAF5}.Debug|x86.ActiveCfg = Debug|Any CPU
		{1DA8A3CA-B805-4275-9C6F-A948D387BAF5}.Debug|x86.Build.0 = Debug|Any CPU
		{1DA8A3CA-B805-4275-9C6F-A948D387BAF5}.Release|Any CPU.ActiveCfg = Release|Any CPU
		{1DA8A3CA-B805-4275-9C6F-A948D387BAF5}.Release|Any CPU.Build.0 = Release|Any CPU
		{1DA8A3CA-B805-4275-9C6F-A948D387BAF5}.Release|x64.ActiveCfg = Release|Any CPU
		{1DA8A3CA-B805-4275-9C6F-A948D387BAF5}.Release|x64.Build.0 = Release|Any CPU
		{1DA8A3CA-B805-4275-9C6F-A948D387BAF5}.Release|x86.ActiveCfg = Release|Any CPU
		{1DA8A3CA-B805-4275-9C6F-A948D387BAF5}.Release|x86.Build.0 = Release|Any CPU
		{DA421314-53C7-44A0-A34C-7090A0FC13D9}.Debug|Any CPU.ActiveCfg = Debug|Any CPU
		{DA421314-53C7-44A0-A34C-7090A0FC13D9}.Debug|Any CPU.Build.0 = Debug|Any CPU
		{DA421314-53C7-44A0-A34C-7090A0FC13D9}.Debug|x64.ActiveCfg = Debug|Any CPU
		{DA421314-53C7-44A0-A34C-7090A0FC13D9}.Debug|x64.Build.0 = Debug|Any CPU
		{DA421314-53C7-44A0-A34C-7090A0FC13D9}.Debug|x86.ActiveCfg = Debug|Any CPU
		{DA421314-53C7-44A0-A34C-7090A0FC13D9}.Debug|x86.Build.0 = Debug|Any CPU
		{DA421314-53C7-44A0-A34C-7090A0FC13D9}.Release|Any CPU.ActiveCfg = Release|Any CPU
		{DA421314-53C7-44A0-A34C-7090A0FC13D9}.Release|Any CPU.Build.0 = Release|Any CPU
		{DA421314-53C7-44A0-A34C-7090A0FC13D9}.Release|x64.ActiveCfg = Release|Any CPU
		{DA421314-53C7-44A0-A34C-7090A0FC13D9}.Release|x64.Build.0 = Release|Any CPU
		{DA421314-53C7-44A0-A34C-7090A0FC13D9}.Release|x86.ActiveCfg = Release|Any CPU
		{DA421314-53C7-44A0-A34C-7090A0FC13D9}.Release|x86.Build.0 = Release|Any CPU
		{EEFCAD59-A37B-4CD3-BA39-5662D5A722E9}.Debug|Any CPU.ActiveCfg = Debug|Any CPU
		{EEFCAD59-A37B-4CD3-BA39-5662D5A722E9}.Debug|Any CPU.Build.0 = Debug|Any CPU
		{EEFCAD59-A37B-4CD3-BA39-5662D5A722E9}.Debug|x64.ActiveCfg = Debug|Any CPU
		{EEFCAD59-A37B-4CD3-BA39-5662D5A722E9}.Debug|x64.Build.0 = Debug|Any CPU
		{EEFCAD59-A37B-4CD3-BA39-5662D5A722E9}.Debug|x86.ActiveCfg = Debug|Any CPU
		{EEFCAD59-A37B-4CD3-BA39-5662D5A722E9}.Debug|x86.Build.0 = Debug|Any CPU
		{EEFCAD59-A37B-4CD3-BA39-5662D5A722E9}.Release|Any CPU.ActiveCfg = Release|Any CPU
		{EEFCAD59-A37B-4CD3-BA39-5662D5A722E9}.Release|Any CPU.Build.0 = Release|Any CPU
		{EEFCAD59-A37B-4CD3-BA39-5662D5A722E9}.Release|x64.ActiveCfg = Release|Any CPU
		{EEFCAD59-A37B-4CD3-BA39-5662D5A722E9}.Release|x64.Build.0 = Release|Any CPU
		{EEFCAD59-A37B-4CD3-BA39-5662D5A722E9}.Release|x86.ActiveCfg = Release|Any CPU
		{EEFCAD59-A37B-4CD3-BA39-5662D5A722E9}.Release|x86.Build.0 = Release|Any CPU
	EndGlobalSection
	GlobalSection(SolutionProperties) = preSolution
		HideSolutionNode = FALSE
	EndGlobalSection
	GlobalSection(NestedProjects) = preSolution
		{1DA8A3CA-B805-4275-9C6F-A948D387BAF5} = {827E0CD3-B72D-47B6-A68D-7590B98EB39B}
		{DA421314-53C7-44A0-A34C-7090A0FC13D9} = {827E0CD3-B72D-47B6-A68D-7590B98EB39B}
		{EEFCAD59-A37B-4CD3-BA39-5662D5A722E9} = {827E0CD3-B72D-47B6-A68D-7590B98EB39B}
	EndGlobalSection
EndGlobal
